
Microsoft Visual Studio Solution File, Format Version 12.00
# Visual Studio Version 16
VisualStudioVersion = 16.0.30413.136
MinimumVisualStudioVersion = 10.0.40219.1
Project("{FAE04EC0-301F-11D3-BF4B-00C04F79EFBC}") = "CsomAssignment", "CsomAssignment\CsomAssignment.csproj", "{27841C12-26E3-4703-9EC2-5FA8837E87E4}"
EndProject
Project("{FAE04EC0-301F-11D3-BF4B-00C04F79EFBC}") = "CsomBasic", "CsomBasic\CsomBasic.csproj", "{5BE753E4-E843-4184-97C6-A7A6BA4A6470}"
EndProject
Global
	GlobalSection(SolutionConfigurationPlatforms) = preSolution
		Debug|Any CPU = Debug|Any CPU
		Release|Any CPU = Release|Any CPU
	EndGlobalSection
	GlobalSection(ProjectConfigurationPlatforms) = postSolution
		{27841C12-26E3-4703-9EC2-5FA8837E87E4}.Debug|Any CPU.ActiveCfg = Debug|Any CPU
		{27841C12-26E3-4703-9EC2-5FA8837E87E4}.Debug|Any CPU.Build.0 = Debug|Any CPU
		{27841C12-26E3-4703-9EC2-5FA8837E87E4}.Release|Any CPU.ActiveCfg = Release|Any CPU
		{27841C12-26E3-4703-9EC2-5FA8837E87E4}.Release|Any CPU.Build.0 = Release|Any CPU
		{5BE753E4-E843-4184-97C6-A7A6BA4A6470}.Debug|Any CPU.ActiveCfg = Debug|Any CPU
		{5BE753E4-E843-4184-97C6-A7A6BA4A6470}.Debug|Any CPU.Build.0 = Debug|Any CPU
		{5BE753E4-E843-4184-97C6-A7A6BA4A6470}.Release|Any CPU.ActiveCfg = Release|Any CPU
		{5BE753E4-E843-4184-97C6-A7A6BA4A6470}.Release|Any CPU.Build.0 = Release|Any CPU
	EndGlobalSection
	GlobalSection(SolutionProperties) = preSolution
		HideSolutionNode = FALSE
	EndGlobalSection
	GlobalSection(ExtensibilityGlobals) = postSolution
		SolutionGuid = {21FC6EC8-C1C4-43B5-9DCF-6F0643F7627F}
	EndGlobalSection
EndGlobal
